
Microsoft Visual Studio Solution File, Format Version 12.00
# Visual Studio 15
VisualStudioVersion = 15.0.28307.168
MinimumVisualStudioVersion = 10.0.40219.1
Project("{FAE04EC0-301F-11D3-BF4B-00C04F79EFBC}") = "insertion-sort", "insertion-sort\insertion-sort.csproj", "{F9839AC4-84E4-4B36-BA17-E5ABD7D1BC58}"
EndProject
Global
	GlobalSection(SolutionConfigurationPlatforms) = preSolution
		Debug|Any CPU = Debug|Any CPU
		Release|Any CPU = Release|Any CPU
	EndGlobalSection
	GlobalSection(ProjectConfigurationPlatforms) = postSolution
		{F9839AC4-84E4-4B36-BA17-E5ABD7D1BC58}.Debug|Any CPU.ActiveCfg = Debug|Any CPU
		{F9839AC4-84E4-4B36-BA17-E5ABD7D1BC58}.Debug|Any CPU.Build.0 = Debug|Any CPU
		{F9839AC4-84E4-4B36-BA17-E5ABD7D1BC58}.Release|Any CPU.ActiveCfg = Release|Any CPU
		{F9839AC4-84E4-4B36-BA17-E5ABD7D1BC58}.Release|Any CPU.Build.0 = Release|Any CPU
	EndGlobalSection
	GlobalSection(SolutionProperties) = preSolution
		HideSolutionNode = FALSE
	EndGlobalSection
	GlobalSection(ExtensibilityGlobals) = postSolution
		SolutionGuid = {171EDB1F-5BF1-4CD1-B993-CF782774BEF2}
	EndGlobalSection
EndGlobal
