
Microsoft Visual Studio Solution File, Format Version 12.00
# Visual Studio 15
VisualStudioVersion = 15.0.28307.168
MinimumVisualStudioVersion = 10.0.40219.1
Project("{FAE04EC0-301F-11D3-BF4B-00C04F79EFBC}") = "ll_merge", "ll_merge\ll_merge.csproj", "{B6EA19A7-7011-4DEF-8D8D-53C6D9AB008E}"
EndProject
Global
	GlobalSection(SolutionConfigurationPlatforms) = preSolution
		Debug|Any CPU = Debug|Any CPU
		Release|Any CPU = Release|Any CPU
	EndGlobalSection
	GlobalSection(ProjectConfigurationPlatforms) = postSolution
		{B6EA19A7-7011-4DEF-8D8D-53C6D9AB008E}.Debug|Any CPU.ActiveCfg = Debug|Any CPU
		{B6EA19A7-7011-4DEF-8D8D-53C6D9AB008E}.Debug|Any CPU.Build.0 = Debug|Any CPU
		{B6EA19A7-7011-4DEF-8D8D-53C6D9AB008E}.Release|Any CPU.ActiveCfg = Release|Any CPU
		{B6EA19A7-7011-4DEF-8D8D-53C6D9AB008E}.Release|Any CPU.Build.0 = Release|Any CPU
	EndGlobalSection
	GlobalSection(SolutionProperties) = preSolution
		HideSolutionNode = FALSE
	EndGlobalSection
	GlobalSection(ExtensibilityGlobals) = postSolution
		SolutionGuid = {703624CA-182B-449B-AA2E-21B9C9184CC8}
	EndGlobalSection
EndGlobal
