
Microsoft Visual Studio Solution File, Format Version 12.00
# Visual Studio 15
VisualStudioVersion = 15.0.28307.168
MinimumVisualStudioVersion = 10.0.40219.1
Project("{FAE04EC0-301F-11D3-BF4B-00C04F79EFBC}") = "Trees", "Trees\Trees.csproj", "{482AB3F3-4C2B-4C72-9301-214C5DBECE8B}"
EndProject
Project("{FAE04EC0-301F-11D3-BF4B-00C04F79EFBC}") = "Tree_Tests", "Tree_Tests\Tree_Tests.csproj", "{6CBBCB84-EFA5-40A4-A61F-FF0AE2F20821}"
EndProject
Global
	GlobalSection(SolutionConfigurationPlatforms) = preSolution
		Debug|Any CPU = Debug|Any CPU
		Release|Any CPU = Release|Any CPU
	EndGlobalSection
	GlobalSection(ProjectConfigurationPlatforms) = postSolution
		{482AB3F3-4C2B-4C72-9301-214C5DBECE8B}.Debug|Any CPU.ActiveCfg = Debug|Any CPU
		{482AB3F3-4C2B-4C72-9301-214C5DBECE8B}.Debug|Any CPU.Build.0 = Debug|Any CPU
		{482AB3F3-4C2B-4C72-9301-214C5DBECE8B}.Release|Any CPU.ActiveCfg = Release|Any CPU
		{482AB3F3-4C2B-4C72-9301-214C5DBECE8B}.Release|Any CPU.Build.0 = Release|Any CPU
		{6CBBCB84-EFA5-40A4-A61F-FF0AE2F20821}.Debug|Any CPU.ActiveCfg = Debug|Any CPU
		{6CBBCB84-EFA5-40A4-A61F-FF0AE2F20821}.Debug|Any CPU.Build.0 = Debug|Any CPU
		{6CBBCB84-EFA5-40A4-A61F-FF0AE2F20821}.Release|Any CPU.ActiveCfg = Release|Any CPU
		{6CBBCB84-EFA5-40A4-A61F-FF0AE2F20821}.Release|Any CPU.Build.0 = Release|Any CPU
	EndGlobalSection
	GlobalSection(SolutionProperties) = preSolution
		HideSolutionNode = FALSE
	EndGlobalSection
	GlobalSection(ExtensibilityGlobals) = postSolution
		SolutionGuid = {0E44E744-2415-4A35-9412-BEA9256A3B1B}
	EndGlobalSection
EndGlobal
