
Microsoft Visual Studio Solution File, Format Version 12.00
# Visual Studio 15
VisualStudioVersion = 15.0.28307.168
MinimumVisualStudioVersion = 10.0.40219.1
Project("{FAE04EC0-301F-11D3-BF4B-00C04F79EFBC}") = "repeated_word", "repeated_word\repeated_word.csproj", "{411A153A-C8D0-428E-8109-D566528F1022}"
EndProject
Global
	GlobalSection(SolutionConfigurationPlatforms) = preSolution
		Debug|Any CPU = Debug|Any CPU
		Release|Any CPU = Release|Any CPU
	EndGlobalSection
	GlobalSection(ProjectConfigurationPlatforms) = postSolution
		{411A153A-C8D0-428E-8109-D566528F1022}.Debug|Any CPU.ActiveCfg = Debug|Any CPU
		{411A153A-C8D0-428E-8109-D566528F1022}.Debug|Any CPU.Build.0 = Debug|Any CPU
		{411A153A-C8D0-428E-8109-D566528F1022}.Release|Any CPU.ActiveCfg = Release|Any CPU
		{411A153A-C8D0-428E-8109-D566528F1022}.Release|Any CPU.Build.0 = Release|Any CPU
	EndGlobalSection
	GlobalSection(SolutionProperties) = preSolution
		HideSolutionNode = FALSE
	EndGlobalSection
	GlobalSection(ExtensibilityGlobals) = postSolution
		SolutionGuid = {21D72B34-CBD2-4748-B493-2CD4F7D01F8C}
	EndGlobalSection
EndGlobal
